
Microsoft Visual Studio Solution File, Format Version 12.00
# Visual Studio Version 17
VisualStudioVersion = 17.0.31903.59
MinimumVisualStudioVersion = 10.0.40219.1
Project("{2150E333-8FDC-42A3-9474-1A3956D46DE8}") = "src", "src", "{827E0CD3-B72D-47B6-A68D-7590B98EB39B}"
EndProject
Project("{2150E333-8FDC-42A3-9474-1A3956D46DE8}") = "Shared", "Shared", "{C8E42992-5E42-0C2B-DBFE-AA848D06431C}"
EndProject
Project("{2150E333-8FDC-42A3-9474-1A3956D46DE8}") = "OrderProcessingSystem.Shared", "OrderProcessingSystem.Shared", "{B9F9C173-1B8B-4CC4-04B7-99B1F854AC56}"
EndProject
Project("{FAE04EC0-301F-11D3-BF4B-00C04F79EFBC}") = "OrderProcessingSystem.Shared", "src\Shared\OrderProcessingSystem.Shared\OrderProcessingSystem.Shared\OrderProcessingSystem.Shared.csproj", "{743F017D-E9B7-4A94-8CAF-B4BC89DBBA7B}"
EndProject
Project("{2150E333-8FDC-42A3-9474-1A3956D46DE8}") = "OrderService", "OrderService", "{D5064FC8-1F49-54B6-E1C8-B23A6140528A}"
EndProject
Project("{FAE04EC0-301F-11D3-BF4B-00C04F79EFBC}") = "OrderService", "src\OrderService\OrderService\OrderService.csproj", "{A44327FE-42E7-491F-9821-94E25039D712}"
EndProject
Project("{2150E333-8FDC-42A3-9474-1A3956D46DE8}") = "InventoryService", "InventoryService", "{5C8FFA71-ABED-225F-EBAA-B00A0796978F}"
EndProject
Project("{FAE04EC0-301F-11D3-BF4B-00C04F79EFBC}") = "InventoryService", "src\InventoryService\InventoryService\InventoryService.csproj", "{27F8C6DB-10DB-49DC-9035-3BB865D3949B}"
EndProject
Global
	GlobalSection(SolutionConfigurationPlatforms) = preSolution
		Debug|Any CPU = Debug|Any CPU
		Debug|x64 = Debug|x64
		Debug|x86 = Debug|x86
		Release|Any CPU = Release|Any CPU
		Release|x64 = Release|x64
		Release|x86 = Release|x86
	EndGlobalSection
	GlobalSection(ProjectConfigurationPlatforms) = postSolution
		{743F017D-E9B7-4A94-8CAF-B4BC89DBBA7B}.Debug|Any CPU.ActiveCfg = Debug|Any CPU
		{743F017D-E9B7-4A94-8CAF-B4BC89DBBA7B}.Debug|Any CPU.Build.0 = Debug|Any CPU
		{743F017D-E9B7-4A94-8CAF-B4BC89DBBA7B}.Debug|x64.ActiveCfg = Debug|Any CPU
		{743F017D-E9B7-4A94-8CAF-B4BC89DBBA7B}.Debug|x64.Build.0 = Debug|Any CPU
		{743F017D-E9B7-4A94-8CAF-B4BC89DBBA7B}.Debug|x86.ActiveCfg = Debug|Any CPU
		{743F017D-E9B7-4A94-8CAF-B4BC89DBBA7B}.Debug|x86.Build.0 = Debug|Any CPU
		{743F017D-E9B7-4A94-8CAF-B4BC89DBBA7B}.Release|Any CPU.ActiveCfg = Release|Any CPU
		{743F017D-E9B7-4A94-8CAF-B4BC89DBBA7B}.Release|Any CPU.Build.0 = Release|Any CPU
		{743F017D-E9B7-4A94-8CAF-B4BC89DBBA7B}.Release|x64.ActiveCfg = Release|Any CPU
		{743F017D-E9B7-4A94-8CAF-B4BC89DBBA7B}.Release|x64.Build.0 = Release|Any CPU
		{743F017D-E9B7-4A94-8CAF-B4BC89DBBA7B}.Release|x86.ActiveCfg = Release|Any CPU
		{743F017D-E9B7-4A94-8CAF-B4BC89DBBA7B}.Release|x86.Build.0 = Release|Any CPU
		{A44327FE-42E7-491F-9821-94E25039D712}.Debug|Any CPU.ActiveCfg = Debug|Any CPU
		{A44327FE-42E7-491F-9821-94E25039D712}.Debug|Any CPU.Build.0 = Debug|Any CPU
		{A44327FE-42E7-491F-9821-94E25039D712}.Debug|x64.ActiveCfg = Debug|Any CPU
		{A44327FE-42E7-491F-9821-94E25039D712}.Debug|x64.Build.0 = Debug|Any CPU
		{A44327FE-42E7-491F-9821-94E25039D712}.Debug|x86.ActiveCfg = Debug|Any CPU
		{A44327FE-42E7-491F-9821-94E25039D712}.Debug|x86.Build.0 = Debug|Any CPU
		{A44327FE-42E7-491F-9821-94E25039D712}.Release|Any CPU.ActiveCfg = Release|Any CPU
		{A44327FE-42E7-491F-9821-94E25039D712}.Release|Any CPU.Build.0 = Release|Any CPU
		{A44327FE-42E7-491F-9821-94E25039D712}.Release|x64.ActiveCfg = Release|Any CPU
		{A44327FE-42E7-491F-9821-94E25039D712}.Release|x64.Build.0 = Release|Any CPU
		{A44327FE-42E7-491F-9821-94E25039D712}.Release|x86.ActiveCfg = Release|Any CPU
		{A44327FE-42E7-491F-9821-94E25039D712}.Release|x86.Build.0 = Release|Any CPU
		{27F8C6DB-10DB-49DC-9035-3BB865D3949B}.Debug|Any CPU.ActiveCfg = Debug|Any CPU
		{27F8C6DB-10DB-49DC-9035-3BB865D3949B}.Debug|Any CPU.Build.0 = Debug|Any CPU
		{27F8C6DB-10DB-49DC-9035-3BB865D3949B}.Debug|x64.ActiveCfg = Debug|Any CPU
		{27F8C6DB-10DB-49DC-9035-3BB865D3949B}.Debug|x64.Build.0 = Debug|Any CPU
		{27F8C6DB-10DB-49DC-9035-3BB865D3949B}.Debug|x86.ActiveCfg = Debug|Any CPU
		{27F8C6DB-10DB-49DC-9035-3BB865D3949B}.Debug|x86.Build.0 = Debug|Any CPU
		{27F8C6DB-10DB-49DC-9035-3BB865D3949B}.Release|Any CPU.ActiveCfg = Release|Any CPU
		{27F8C6DB-10DB-49DC-9035-3BB865D3949B}.Release|Any CPU.Build.0 = Release|Any CPU
		{27F8C6DB-10DB-49DC-9035-3BB865D3949B}.Release|x64.ActiveCfg = Release|Any CPU
		{27F8C6DB-10DB-49DC-9035-3BB865D3949B}.Release|x64.Build.0 = Release|Any CPU
		{27F8C6DB-10DB-49DC-9035-3BB865D3949B}.Release|x86.ActiveCfg = Release|Any CPU
		{27F8C6DB-10DB-49DC-9035-3BB865D3949B}.Release|x86.Build.0 = Release|Any CPU
	EndGlobalSection
	GlobalSection(SolutionProperties) = preSolution
		HideSolutionNode = FALSE
	EndGlobalSection
	GlobalSection(NestedProjects) = preSolution
		{C8E42992-5E42-0C2B-DBFE-AA848D06431C} = {827E0CD3-B72D-47B6-A68D-7590B98EB39B}
		{B9F9C173-1B8B-4CC4-04B7-99B1F854AC56} = {C8E42992-5E42-0C2B-DBFE-AA848D06431C}
		{743F017D-E9B7-4A94-8CAF-B4BC89DBBA7B} = {B9F9C173-1B8B-4CC4-04B7-99B1F854AC56}
		{D5064FC8-1F49-54B6-E1C8-B23A6140528A} = {827E0CD3-B72D-47B6-A68D-7590B98EB39B}
		{A44327FE-42E7-491F-9821-94E25039D712} = {D5064FC8-1F49-54B6-E1C8-B23A6140528A}
		{5C8FFA71-ABED-225F-EBAA-B00A0796978F} = {827E0CD3-B72D-47B6-A68D-7590B98EB39B}
		{27F8C6DB-10DB-49DC-9035-3BB865D3949B} = {5C8FFA71-ABED-225F-EBAA-B00A0796978F}
	EndGlobalSection
EndGlobal
